
Microsoft Visual Studio Solution File, Format Version 12.00
# Visual Studio 2012
Project("{FAE04EC0-301F-11D3-BF4B-00C04F79EFBC}") = "WeatherForecastMVC", "WeatherForecastMVC\WeatherForecastMVC.csproj", "{97977C2E-31A6-431B-AF59-7EE958BB26B1}"
EndProject
Project("{FAE04EC0-301F-11D3-BF4B-00C04F79EFBC}") = "WeatherForecastMVC.Tests", "WeatherForecastMVC.Tests\WeatherForecastMVC.Tests.csproj", "{CC63228B-2632-42D6-B040-D4C8E47C02C0}"
EndProject
Project("{FAE04EC0-301F-11D3-BF4B-00C04F79EFBC}") = "WeatherForecastReader", "WeatherForecastReader\WeatherForecastReader.csproj", "{3F942D3B-F254-4E72-8D3F-3AC28B736BF0}"
EndProject
Project("{FAE04EC0-301F-11D3-BF4B-00C04F79EFBC}") = "WeatherForecastReader.Tests", "WeatherForecastReader.Tests\WeatherForecastReader.Tests.csproj", "{E8C45AD2-DD2D-48AE-B962-A469877D9192}"
EndProject
Project("{FAE04EC0-301F-11D3-BF4B-00C04F79EFBC}") = "WeatherForecast.Core", "WeatherForecast.Core\WeatherForecast.Core.csproj", "{FB115A42-F4EA-4AE9-9FAF-B418E36984A8}"
EndProject
Project("{FAE04EC0-301F-11D3-BF4B-00C04F79EFBC}") = "WeatherForecast.MVVMCore", "WeatherForecast.MVVMCore\WeatherForecast.MVVMCore.csproj", "{F5D7E9DF-D0AB-4B7B-949C-4F42AD525C11}"
EndProject
Project("{FAE04EC0-301F-11D3-BF4B-00C04F79EFBC}") = "WeatherForecast.WinRT", "WeatherForecast.WinRT\WeatherForecast.WinRT.csproj", "{BE0D1F40-499C-4E7E-95D5-32478E01078C}"
EndProject
Project("{2150E333-8FDC-42A3-9474-1A3956D46DE8}") = "Netduino", "Netduino", "{A445F556-5206-4C16-A3EB-59DEBF9D4E88}"
EndProject
Project("{FAE04EC0-301F-11D3-BF4B-00C04F79EFBC}") = "ColdAlert", "ColdAlert\ColdAlert\ColdAlert.csproj", "{DC697005-9A78-43ED-B975-5411D7D473FA}"
EndProject
Project("{FAE04EC0-301F-11D3-BF4B-00C04F79EFBC}") = "ColdAlert.Tests", "ColdAlert\ColdAlert.Tests\ColdAlert.Tests.csproj", "{5CEBA9D6-5CDD-4525-B3D3-C2460B09C3CD}"
EndProject
Global
	GlobalSection(SolutionConfigurationPlatforms) = preSolution
		Debug|Any CPU = Debug|Any CPU
		Debug|ARM = Debug|ARM
		Debug|x64 = Debug|x64
		Debug|x86 = Debug|x86
		Release|Any CPU = Release|Any CPU
		Release|ARM = Release|ARM
		Release|x64 = Release|x64
		Release|x86 = Release|x86
	EndGlobalSection
	GlobalSection(ProjectConfigurationPlatforms) = postSolution
		{97977C2E-31A6-431B-AF59-7EE958BB26B1}.Debug|Any CPU.ActiveCfg = Debug|Any CPU
		{97977C2E-31A6-431B-AF59-7EE958BB26B1}.Debug|Any CPU.Build.0 = Debug|Any CPU
		{97977C2E-31A6-431B-AF59-7EE958BB26B1}.Debug|ARM.ActiveCfg = Debug|Any CPU
		{97977C2E-31A6-431B-AF59-7EE958BB26B1}.Debug|x64.ActiveCfg = Debug|Any CPU
		{97977C2E-31A6-431B-AF59-7EE958BB26B1}.Debug|x86.ActiveCfg = Debug|Any CPU
		{97977C2E-31A6-431B-AF59-7EE958BB26B1}.Release|Any CPU.ActiveCfg = Release|Any CPU
		{97977C2E-31A6-431B-AF59-7EE958BB26B1}.Release|Any CPU.Build.0 = Release|Any CPU
		{97977C2E-31A6-431B-AF59-7EE958BB26B1}.Release|ARM.ActiveCfg = Release|Any CPU
		{97977C2E-31A6-431B-AF59-7EE958BB26B1}.Release|x64.ActiveCfg = Release|Any CPU
		{97977C2E-31A6-431B-AF59-7EE958BB26B1}.Release|x86.ActiveCfg = Release|Any CPU
		{CC63228B-2632-42D6-B040-D4C8E47C02C0}.Debug|Any CPU.ActiveCfg = Debug|Any CPU
		{CC63228B-2632-42D6-B040-D4C8E47C02C0}.Debug|Any CPU.Build.0 = Debug|Any CPU
		{CC63228B-2632-42D6-B040-D4C8E47C02C0}.Debug|ARM.ActiveCfg = Debug|Any CPU
		{CC63228B-2632-42D6-B040-D4C8E47C02C0}.Debug|x64.ActiveCfg = Debug|Any CPU
		{CC63228B-2632-42D6-B040-D4C8E47C02C0}.Debug|x86.ActiveCfg = Debug|Any CPU
		{CC63228B-2632-42D6-B040-D4C8E47C02C0}.Release|Any CPU.ActiveCfg = Release|Any CPU
		{CC63228B-2632-42D6-B040-D4C8E47C02C0}.Release|Any CPU.Build.0 = Release|Any CPU
		{CC63228B-2632-42D6-B040-D4C8E47C02C0}.Release|ARM.ActiveCfg = Release|Any CPU
		{CC63228B-2632-42D6-B040-D4C8E47C02C0}.Release|x64.ActiveCfg = Release|Any CPU
		{CC63228B-2632-42D6-B040-D4C8E47C02C0}.Release|x86.ActiveCfg = Release|Any CPU
		{3F942D3B-F254-4E72-8D3F-3AC28B736BF0}.Debug|Any CPU.ActiveCfg = Debug|Any CPU
		{3F942D3B-F254-4E72-8D3F-3AC28B736BF0}.Debug|Any CPU.Build.0 = Debug|Any CPU
		{3F942D3B-F254-4E72-8D3F-3AC28B736BF0}.Debug|ARM.ActiveCfg = Debug|Any CPU
		{3F942D3B-F254-4E72-8D3F-3AC28B736BF0}.Debug|x64.ActiveCfg = Debug|Any CPU
		{3F942D3B-F254-4E72-8D3F-3AC28B736BF0}.Debug|x86.ActiveCfg = Debug|Any CPU
		{3F942D3B-F254-4E72-8D3F-3AC28B736BF0}.Release|Any CPU.ActiveCfg = Release|Any CPU
		{3F942D3B-F254-4E72-8D3F-3AC28B736BF0}.Release|Any CPU.Build.0 = Release|Any CPU
		{3F942D3B-F254-4E72-8D3F-3AC28B736BF0}.Release|ARM.ActiveCfg = Release|Any CPU
		{3F942D3B-F254-4E72-8D3F-3AC28B736BF0}.Release|x64.ActiveCfg = Release|Any CPU
		{3F942D3B-F254-4E72-8D3F-3AC28B736BF0}.Release|x86.ActiveCfg = Release|Any CPU
		{E8C45AD2-DD2D-48AE-B962-A469877D9192}.Debug|Any CPU.ActiveCfg = Debug|Any CPU
		{E8C45AD2-DD2D-48AE-B962-A469877D9192}.Debug|Any CPU.Build.0 = Debug|Any CPU
		{E8C45AD2-DD2D-48AE-B962-A469877D9192}.Debug|ARM.ActiveCfg = Debug|Any CPU
		{E8C45AD2-DD2D-48AE-B962-A469877D9192}.Debug|x64.ActiveCfg = Debug|Any CPU
		{E8C45AD2-DD2D-48AE-B962-A469877D9192}.Debug|x86.ActiveCfg = Debug|Any CPU
		{E8C45AD2-DD2D-48AE-B962-A469877D9192}.Release|Any CPU.ActiveCfg = Release|Any CPU
		{E8C45AD2-DD2D-48AE-B962-A469877D9192}.Release|Any CPU.Build.0 = Release|Any CPU
		{E8C45AD2-DD2D-48AE-B962-A469877D9192}.Release|ARM.ActiveCfg = Release|Any CPU
		{E8C45AD2-DD2D-48AE-B962-A469877D9192}.Release|x64.ActiveCfg = Release|Any CPU
		{E8C45AD2-DD2D-48AE-B962-A469877D9192}.Release|x86.ActiveCfg = Release|Any CPU
		{FB115A42-F4EA-4AE9-9FAF-B418E36984A8}.Debug|Any CPU.ActiveCfg = Debug|Any CPU
		{FB115A42-F4EA-4AE9-9FAF-B418E36984A8}.Debug|Any CPU.Build.0 = Debug|Any CPU
		{FB115A42-F4EA-4AE9-9FAF-B418E36984A8}.Debug|ARM.ActiveCfg = Debug|Any CPU
		{FB115A42-F4EA-4AE9-9FAF-B418E36984A8}.Debug|x64.ActiveCfg = Debug|Any CPU
		{FB115A42-F4EA-4AE9-9FAF-B418E36984A8}.Debug|x86.ActiveCfg = Debug|Any CPU
		{FB115A42-F4EA-4AE9-9FAF-B418E36984A8}.Release|Any CPU.ActiveCfg = Release|Any CPU
		{FB115A42-F4EA-4AE9-9FAF-B418E36984A8}.Release|Any CPU.Build.0 = Release|Any CPU
		{FB115A42-F4EA-4AE9-9FAF-B418E36984A8}.Release|ARM.ActiveCfg = Release|Any CPU
		{FB115A42-F4EA-4AE9-9FAF-B418E36984A8}.Release|x64.ActiveCfg = Release|Any CPU
		{FB115A42-F4EA-4AE9-9FAF-B418E36984A8}.Release|x86.ActiveCfg = Release|Any CPU
		{F5D7E9DF-D0AB-4B7B-949C-4F42AD525C11}.Debug|Any CPU.ActiveCfg = Debug|Any CPU
		{F5D7E9DF-D0AB-4B7B-949C-4F42AD525C11}.Debug|Any CPU.Build.0 = Debug|Any CPU
		{F5D7E9DF-D0AB-4B7B-949C-4F42AD525C11}.Debug|ARM.ActiveCfg = Debug|Any CPU
		{F5D7E9DF-D0AB-4B7B-949C-4F42AD525C11}.Debug|x64.ActiveCfg = Debug|Any CPU
		{F5D7E9DF-D0AB-4B7B-949C-4F42AD525C11}.Debug|x86.ActiveCfg = Debug|Any CPU
		{F5D7E9DF-D0AB-4B7B-949C-4F42AD525C11}.Release|Any CPU.ActiveCfg = Release|Any CPU
		{F5D7E9DF-D0AB-4B7B-949C-4F42AD525C11}.Release|Any CPU.Build.0 = Release|Any CPU
		{F5D7E9DF-D0AB-4B7B-949C-4F42AD525C11}.Release|ARM.ActiveCfg = Release|Any CPU
		{F5D7E9DF-D0AB-4B7B-949C-4F42AD525C11}.Release|x64.ActiveCfg = Release|Any CPU
		{F5D7E9DF-D0AB-4B7B-949C-4F42AD525C11}.Release|x86.ActiveCfg = Release|Any CPU
		{BE0D1F40-499C-4E7E-95D5-32478E01078C}.Debug|Any CPU.ActiveCfg = Debug|Any CPU
		{BE0D1F40-499C-4E7E-95D5-32478E01078C}.Debug|Any CPU.Build.0 = Debug|Any CPU
		{BE0D1F40-499C-4E7E-95D5-32478E01078C}.Debug|Any CPU.Deploy.0 = Debug|Any CPU
		{BE0D1F40-499C-4E7E-95D5-32478E01078C}.Debug|ARM.ActiveCfg = Debug|ARM
		{BE0D1F40-499C-4E7E-95D5-32478E01078C}.Debug|ARM.Build.0 = Debug|ARM
		{BE0D1F40-499C-4E7E-95D5-32478E01078C}.Debug|ARM.Deploy.0 = Debug|ARM
		{BE0D1F40-499C-4E7E-95D5-32478E01078C}.Debug|x64.ActiveCfg = Debug|x64
		{BE0D1F40-499C-4E7E-95D5-32478E01078C}.Debug|x64.Build.0 = Debug|x64
		{BE0D1F40-499C-4E7E-95D5-32478E01078C}.Debug|x64.Deploy.0 = Debug|x64
		{BE0D1F40-499C-4E7E-95D5-32478E01078C}.Debug|x86.ActiveCfg = Debug|x86
		{BE0D1F40-499C-4E7E-95D5-32478E01078C}.Debug|x86.Build.0 = Debug|x86
		{BE0D1F40-499C-4E7E-95D5-32478E01078C}.Debug|x86.Deploy.0 = Debug|x86
		{BE0D1F40-499C-4E7E-95D5-32478E01078C}.Release|Any CPU.ActiveCfg = Release|Any CPU
		{BE0D1F40-499C-4E7E-95D5-32478E01078C}.Release|Any CPU.Build.0 = Release|Any CPU
		{BE0D1F40-499C-4E7E-95D5-32478E01078C}.Release|Any CPU.Deploy.0 = Release|Any CPU
		{BE0D1F40-499C-4E7E-95D5-32478E01078C}.Release|ARM.ActiveCfg = Release|ARM
		{BE0D1F40-499C-4E7E-95D5-32478E01078C}.Release|ARM.Build.0 = Release|ARM
		{BE0D1F40-499C-4E7E-95D5-32478E01078C}.Release|ARM.Deploy.0 = Release|ARM
		{BE0D1F40-499C-4E7E-95D5-32478E01078C}.Release|x64.ActiveCfg = Release|x64
		{BE0D1F40-499C-4E7E-95D5-32478E01078C}.Release|x64.Build.0 = Release|x64
		{BE0D1F40-499C-4E7E-95D5-32478E01078C}.Release|x64.Deploy.0 = Release|x64
		{BE0D1F40-499C-4E7E-95D5-32478E01078C}.Release|x86.ActiveCfg = Release|x86
		{BE0D1F40-499C-4E7E-95D5-32478E01078C}.Release|x86.Build.0 = Release|x86
		{BE0D1F40-499C-4E7E-95D5-32478E01078C}.Release|x86.Deploy.0 = Release|x86
		{DC697005-9A78-43ED-B975-5411D7D473FA}.Debug|Any CPU.ActiveCfg = Debug|Any CPU
		{DC697005-9A78-43ED-B975-5411D7D473FA}.Debug|Any CPU.Build.0 = Debug|Any CPU
		{DC697005-9A78-43ED-B975-5411D7D473FA}.Debug|Any CPU.Deploy.0 = Debug|Any CPU
		{DC697005-9A78-43ED-B975-5411D7D473FA}.Debug|ARM.ActiveCfg = Debug|Any CPU
		{DC697005-9A78-43ED-B975-5411D7D473FA}.Debug|x64.ActiveCfg = Debug|Any CPU
		{DC697005-9A78-43ED-B975-5411D7D473FA}.Debug|x86.ActiveCfg = Debug|Any CPU
		{DC697005-9A78-43ED-B975-5411D7D473FA}.Release|Any CPU.ActiveCfg = Release|Any CPU
		{DC697005-9A78-43ED-B975-5411D7D473FA}.Release|Any CPU.Build.0 = Release|Any CPU
		{DC697005-9A78-43ED-B975-5411D7D473FA}.Release|Any CPU.Deploy.0 = Release|Any CPU
		{DC697005-9A78-43ED-B975-5411D7D473FA}.Release|ARM.ActiveCfg = Release|Any CPU
		{DC697005-9A78-43ED-B975-5411D7D473FA}.Release|x64.ActiveCfg = Release|Any CPU
		{DC697005-9A78-43ED-B975-5411D7D473FA}.Release|x86.ActiveCfg = Release|Any CPU
		{5CEBA9D6-5CDD-4525-B3D3-C2460B09C3CD}.Debug|Any CPU.ActiveCfg = Debug|Any CPU
		{5CEBA9D6-5CDD-4525-B3D3-C2460B09C3CD}.Debug|Any CPU.Build.0 = Debug|Any CPU
		{5CEBA9D6-5CDD-4525-B3D3-C2460B09C3CD}.Debug|ARM.ActiveCfg = Debug|Any CPU
		{5CEBA9D6-5CDD-4525-B3D3-C2460B09C3CD}.Debug|x64.ActiveCfg = Debug|Any CPU
		{5CEBA9D6-5CDD-4525-B3D3-C2460B09C3CD}.Debug|x86.ActiveCfg = Debug|Any CPU
		{5CEBA9D6-5CDD-4525-B3D3-C2460B09C3CD}.Release|Any CPU.ActiveCfg = Release|Any CPU
		{5CEBA9D6-5CDD-4525-B3D3-C2460B09C3CD}.Release|Any CPU.Build.0 = Release|Any CPU
		{5CEBA9D6-5CDD-4525-B3D3-C2460B09C3CD}.Release|ARM.ActiveCfg = Release|Any CPU
		{5CEBA9D6-5CDD-4525-B3D3-C2460B09C3CD}.Release|x64.ActiveCfg = Release|Any CPU
		{5CEBA9D6-5CDD-4525-B3D3-C2460B09C3CD}.Release|x86.ActiveCfg = Release|Any CPU
	EndGlobalSection
	GlobalSection(SolutionProperties) = preSolution
		HideSolutionNode = FALSE
	EndGlobalSection
	GlobalSection(NestedProjects) = preSolution
		{DC697005-9A78-43ED-B975-5411D7D473FA} = {A445F556-5206-4C16-A3EB-59DEBF9D4E88}
		{5CEBA9D6-5CDD-4525-B3D3-C2460B09C3CD} = {A445F556-5206-4C16-A3EB-59DEBF9D4E88}
	EndGlobalSection
EndGlobal
