
Microsoft Visual Studio Solution File, Format Version 11.00
# Visual Studio 2010
Project("{FAE04EC0-301F-11D3-BF4B-00C04F79EFBC}") = "ColdAlert", "ColdAlert\ColdAlert.csproj", "{DC697005-9A78-43ED-B975-5411D7D473FA}"
EndProject
Project("{FAE04EC0-301F-11D3-BF4B-00C04F79EFBC}") = "ColdAlert.Tests", "ColdAlert.Tests\ColdAlert.Tests.csproj", "{5CEBA9D6-5CDD-4525-B3D3-C2460B09C3CD}"
EndProject
Project("{FAE04EC0-301F-11D3-BF4B-00C04F79EFBC}") = "IndianaJones.NETMF.Primitives", "..\357_357_Json.NETMF\NETMF\IndianaJones.NETMF.Primitives\IndianaJones.NETMF.Primitives.csproj", "{CF92D467-4FC5-4757-B49E-81F3A8960D1B}"
EndProject
Project("{FAE04EC0-301F-11D3-BF4B-00C04F79EFBC}") = "IndianaJones.NETMF.Json", "..\357_357_Json.NETMF\NETMF\IndianaJones.NETMF.Json\IndianaJones.NETMF.Json.csproj", "{46480BCF-F6F2-4E84-BDD4-F478BC9F6749}"
EndProject
Global
	GlobalSection(SolutionConfigurationPlatforms) = preSolution
		Debug|Any CPU = Debug|Any CPU
		Release|Any CPU = Release|Any CPU
	EndGlobalSection
	GlobalSection(ProjectConfigurationPlatforms) = postSolution
		{DC697005-9A78-43ED-B975-5411D7D473FA}.Debug|Any CPU.ActiveCfg = Debug|Any CPU
		{DC697005-9A78-43ED-B975-5411D7D473FA}.Debug|Any CPU.Build.0 = Debug|Any CPU
		{DC697005-9A78-43ED-B975-5411D7D473FA}.Debug|Any CPU.Deploy.0 = Debug|Any CPU
		{DC697005-9A78-43ED-B975-5411D7D473FA}.Release|Any CPU.ActiveCfg = Release|Any CPU
		{DC697005-9A78-43ED-B975-5411D7D473FA}.Release|Any CPU.Build.0 = Release|Any CPU
		{DC697005-9A78-43ED-B975-5411D7D473FA}.Release|Any CPU.Deploy.0 = Release|Any CPU
		{5CEBA9D6-5CDD-4525-B3D3-C2460B09C3CD}.Debug|Any CPU.ActiveCfg = Debug|Any CPU
		{5CEBA9D6-5CDD-4525-B3D3-C2460B09C3CD}.Debug|Any CPU.Build.0 = Debug|Any CPU
		{5CEBA9D6-5CDD-4525-B3D3-C2460B09C3CD}.Release|Any CPU.ActiveCfg = Release|Any CPU
		{5CEBA9D6-5CDD-4525-B3D3-C2460B09C3CD}.Release|Any CPU.Build.0 = Release|Any CPU
		{CF92D467-4FC5-4757-B49E-81F3A8960D1B}.Debug|Any CPU.ActiveCfg = Debug|Any CPU
		{CF92D467-4FC5-4757-B49E-81F3A8960D1B}.Debug|Any CPU.Build.0 = Debug|Any CPU
		{CF92D467-4FC5-4757-B49E-81F3A8960D1B}.Release|Any CPU.ActiveCfg = Release|Any CPU
		{CF92D467-4FC5-4757-B49E-81F3A8960D1B}.Release|Any CPU.Build.0 = Release|Any CPU
		{46480BCF-F6F2-4E84-BDD4-F478BC9F6749}.Debug|Any CPU.ActiveCfg = Debug|Any CPU
		{46480BCF-F6F2-4E84-BDD4-F478BC9F6749}.Debug|Any CPU.Build.0 = Debug|Any CPU
		{46480BCF-F6F2-4E84-BDD4-F478BC9F6749}.Release|Any CPU.ActiveCfg = Release|Any CPU
		{46480BCF-F6F2-4E84-BDD4-F478BC9F6749}.Release|Any CPU.Build.0 = Release|Any CPU
	EndGlobalSection
	GlobalSection(SolutionProperties) = preSolution
		HideSolutionNode = FALSE
	EndGlobalSection
EndGlobal
